
Microsoft Visual Studio Solution File, Format Version 12.00
# Visual Studio Version 17
VisualStudioVersion = 17.4.33213.308
MinimumVisualStudioVersion = 10.0.40219.1
Project("{FAE04EC0-301F-11D3-BF4B-00C04F79EFBC}") = "IdentificationNumber", "IdentificationNumber\IdentificationNumber.csproj", "{A638292C-ED91-4CFE-9AC6-31ACD8F96B74}"
EndProject
Global
	GlobalSection(SolutionConfigurationPlatforms) = preSolution
		Debug|Any CPU = Debug|Any CPU
		Release|Any CPU = Release|Any CPU
	EndGlobalSection
	GlobalSection(ProjectConfigurationPlatforms) = postSolution
		{A638292C-ED91-4CFE-9AC6-31ACD8F96B74}.Debug|Any CPU.ActiveCfg = Debug|Any CPU
		{A638292C-ED91-4CFE-9AC6-31ACD8F96B74}.Debug|Any CPU.Build.0 = Debug|Any CPU
		{A638292C-ED91-4CFE-9AC6-31ACD8F96B74}.Release|Any CPU.ActiveCfg = Release|Any CPU
		{A638292C-ED91-4CFE-9AC6-31ACD8F96B74}.Release|Any CPU.Build.0 = Release|Any CPU
	EndGlobalSection
	GlobalSection(SolutionProperties) = preSolution
		HideSolutionNode = FALSE
	EndGlobalSection
	GlobalSection(ExtensibilityGlobals) = postSolution
		SolutionGuid = {2271CF6F-26F2-4CAA-A534-72F44A6D107D}
	EndGlobalSection
EndGlobal
